
Microsoft Visual Studio Solution File, Format Version 12.00
# Visual Studio 15
VisualStudioVersion = 15.0.28307.421
MinimumVisualStudioVersion = 10.0.40219.1
Project("{FAE04EC0-301F-11D3-BF4B-00C04F79EFBC}") = "RomanNumbersConverter", "RomanNumbersConverter\RomanNumbersConverter.csproj", "{46B383D7-AAD0-4EEB-8577-421D73012612}"
EndProject
Global
	GlobalSection(SolutionConfigurationPlatforms) = preSolution
		Debug|Any CPU = Debug|Any CPU
		Release|Any CPU = Release|Any CPU
	EndGlobalSection
	GlobalSection(ProjectConfigurationPlatforms) = postSolution
		{46B383D7-AAD0-4EEB-8577-421D73012612}.Debug|Any CPU.ActiveCfg = Debug|Any CPU
		{46B383D7-AAD0-4EEB-8577-421D73012612}.Debug|Any CPU.Build.0 = Debug|Any CPU
		{46B383D7-AAD0-4EEB-8577-421D73012612}.Release|Any CPU.ActiveCfg = Release|Any CPU
		{46B383D7-AAD0-4EEB-8577-421D73012612}.Release|Any CPU.Build.0 = Release|Any CPU
	EndGlobalSection
	GlobalSection(SolutionProperties) = preSolution
		HideSolutionNode = FALSE
	EndGlobalSection
	GlobalSection(ExtensibilityGlobals) = postSolution
		SolutionGuid = {49DA2056-FAF1-44DB-858F-A9CF03170C3F}
	EndGlobalSection
EndGlobal
